{
    "_meta": {
        "hash": {
            "sha256": "04542044ad063b0d29a38dd21bc20a53021ed0c0b136c77aaff28ff70151f803"
        },
        "pipfile-spec": 6,
        "requires": {
            "python_version": "3.8"
        },
        "sources": [
            {
                "name": "pypi",
                "url": "https://pypi.org/simple",
                "verify_ssl": true
            }
        ]
    },
    "default": {},
    "develop": {
        "yapf": {
            "hashes": [
                "sha256:712e23c468506bf12cadd10169f852572ecc61b266258422d45aaf4ad7ef43de",
                "sha256:cad8a272c6001b3401de3278238fdc54997b6c2e56baa751788915f879a52fca"
            ],
            "index": "pypi",
            "version": "==0.29.0"
        }
    }
}
